
Microsoft Visual Studio Solution File, Format Version 12.00
# Visual Studio Version 17
VisualStudioVersion = 17.7.34024.191
MinimumVisualStudioVersion = 10.0.40219.1
Project("{FAE04EC0-301F-11D3-BF4B-00C04F79EFBC}") = "ASP.Capitulo002.Razor", "ASP.Capitulo002.Razor\ASP.Capitulo002.Razor.csproj", "{B3702950-2704-44A2-B415-734ED24B8AAA}"
EndProject
Global
	GlobalSection(SolutionConfigurationPlatforms) = preSolution
		Debug|Any CPU = Debug|Any CPU
		Release|Any CPU = Release|Any CPU
	EndGlobalSection
	GlobalSection(ProjectConfigurationPlatforms) = postSolution
		{B3702950-2704-44A2-B415-734ED24B8AAA}.Debug|Any CPU.ActiveCfg = Debug|Any CPU
		{B3702950-2704-44A2-B415-734ED24B8AAA}.Debug|Any CPU.Build.0 = Debug|Any CPU
		{B3702950-2704-44A2-B415-734ED24B8AAA}.Release|Any CPU.ActiveCfg = Release|Any CPU
		{B3702950-2704-44A2-B415-734ED24B8AAA}.Release|Any CPU.Build.0 = Release|Any CPU
	EndGlobalSection
	GlobalSection(SolutionProperties) = preSolution
		HideSolutionNode = FALSE
	EndGlobalSection
	GlobalSection(ExtensibilityGlobals) = postSolution
		SolutionGuid = {6FA83DF7-CF6F-4A1B-8BCF-39BC201844A9}
	EndGlobalSection
EndGlobal
